
Microsoft Visual Studio Solution File, Format Version 12.00
# Visual Studio 15
Project("{FAE04EC0-301F-11D3-BF4B-00C04F79EFBC}") = "Assembly-CSharp", "Assembly-CSharp.csproj", "{2D39B2EC-DCAE-86CD-FD2B-E1C3C88E0204}"
EndProject
Project("{FAE04EC0-301F-11D3-BF4B-00C04F79EFBC}") = "Assembly-CSharp-Editor", "Assembly-CSharp-Editor.csproj", "{35E349A4-6897-3F18-24F1-2FD13958AA2C}"
EndProject
Global
	GlobalSection(SolutionConfigurationPlatforms) = preSolution
		Debug|Any CPU = Debug|Any CPU
		Release|Any CPU = Release|Any CPU
	EndGlobalSection
	GlobalSection(ProjectConfigurationPlatforms) = postSolution
		{2D39B2EC-DCAE-86CD-FD2B-E1C3C88E0204}.Debug|Any CPU.ActiveCfg = Debug|Any CPU
		{2D39B2EC-DCAE-86CD-FD2B-E1C3C88E0204}.Debug|Any CPU.Build.0 = Debug|Any CPU
		{2D39B2EC-DCAE-86CD-FD2B-E1C3C88E0204}.Release|Any CPU.ActiveCfg = Release|Any CPU
		{2D39B2EC-DCAE-86CD-FD2B-E1C3C88E0204}.Release|Any CPU.Build.0 = Release|Any CPU
		{35E349A4-6897-3F18-24F1-2FD13958AA2C}.Debug|Any CPU.ActiveCfg = Debug|Any CPU
		{35E349A4-6897-3F18-24F1-2FD13958AA2C}.Debug|Any CPU.Build.0 = Debug|Any CPU
		{35E349A4-6897-3F18-24F1-2FD13958AA2C}.Release|Any CPU.ActiveCfg = Release|Any CPU
		{35E349A4-6897-3F18-24F1-2FD13958AA2C}.Release|Any CPU.Build.0 = Release|Any CPU
	EndGlobalSection
	GlobalSection(SolutionProperties) = preSolution
		HideSolutionNode = FALSE
	EndGlobalSection
EndGlobal
